
Microsoft Visual Studio Solution File, Format Version 12.00
# Visual Studio 15
VisualStudioVersion = 15.0.28010.2050
MinimumVisualStudioVersion = 10.0.40219.1
Project("{FAE04EC0-301F-11D3-BF4B-00C04F79EFBC}") = "ApplicationInsights.Extension.RequestLogging", "ApplicationInsights.Extension.RequestLogging\ApplicationInsights.Extension.RequestLogging.csproj", "{FEE53830-A69B-40A4-9604-837C8B12658B}"
EndProject
Global
	GlobalSection(SolutionConfigurationPlatforms) = preSolution
		Debug|Any CPU = Debug|Any CPU
		Release|Any CPU = Release|Any CPU
	EndGlobalSection
	GlobalSection(ProjectConfigurationPlatforms) = postSolution
		{FEE53830-A69B-40A4-9604-837C8B12658B}.Debug|Any CPU.ActiveCfg = Debug|Any CPU
		{FEE53830-A69B-40A4-9604-837C8B12658B}.Debug|Any CPU.Build.0 = Debug|Any CPU
		{FEE53830-A69B-40A4-9604-837C8B12658B}.Release|Any CPU.ActiveCfg = Release|Any CPU
		{FEE53830-A69B-40A4-9604-837C8B12658B}.Release|Any CPU.Build.0 = Release|Any CPU
	EndGlobalSection
	GlobalSection(SolutionProperties) = preSolution
		HideSolutionNode = FALSE
	EndGlobalSection
	GlobalSection(ExtensibilityGlobals) = postSolution
		SolutionGuid = {6909591F-D579-43F8-A656-89DD1247328C}
	EndGlobalSection
EndGlobal
