
Microsoft Visual Studio Solution File, Format Version 12.00
# Visual Studio 15
VisualStudioVersion = 15.0.28307.168
MinimumVisualStudioVersion = 10.0.40219.1
Project("{FAE04EC0-301F-11D3-BF4B-00C04F79EFBC}") = "RequestLoggingSample", "RequestLoggingSample\RequestLoggingSample.csproj", "{BDF2B91D-65BF-47EE-946A-9CEA60A79512}"
EndProject
Project("{9A19103F-16F7-4668-BE54-9A1E7A4F7556}") = "ApplicationInsights.Extension.RequestLogging", "..\..\src\ApplicationInsights.Extension.RequestLogging\ApplicationInsights.Extension.RequestLogging.csproj", "{3392DB70-BD0D-4DEC-8C3D-260872CAACF8}"
EndProject
Global
	GlobalSection(SolutionConfigurationPlatforms) = preSolution
		Debug|Any CPU = Debug|Any CPU
		Release|Any CPU = Release|Any CPU
	EndGlobalSection
	GlobalSection(ProjectConfigurationPlatforms) = postSolution
		{BDF2B91D-65BF-47EE-946A-9CEA60A79512}.Debug|Any CPU.ActiveCfg = Debug|Any CPU
		{BDF2B91D-65BF-47EE-946A-9CEA60A79512}.Debug|Any CPU.Build.0 = Debug|Any CPU
		{BDF2B91D-65BF-47EE-946A-9CEA60A79512}.Release|Any CPU.ActiveCfg = Release|Any CPU
		{BDF2B91D-65BF-47EE-946A-9CEA60A79512}.Release|Any CPU.Build.0 = Release|Any CPU
		{3392DB70-BD0D-4DEC-8C3D-260872CAACF8}.Debug|Any CPU.ActiveCfg = Debug|Any CPU
		{3392DB70-BD0D-4DEC-8C3D-260872CAACF8}.Debug|Any CPU.Build.0 = Debug|Any CPU
		{3392DB70-BD0D-4DEC-8C3D-260872CAACF8}.Release|Any CPU.ActiveCfg = Release|Any CPU
		{3392DB70-BD0D-4DEC-8C3D-260872CAACF8}.Release|Any CPU.Build.0 = Release|Any CPU
	EndGlobalSection
	GlobalSection(SolutionProperties) = preSolution
		HideSolutionNode = FALSE
	EndGlobalSection
	GlobalSection(ExtensibilityGlobals) = postSolution
		SolutionGuid = {A41F1F6A-33B8-4CF0-B015-A945E30D5D0B}
	EndGlobalSection
EndGlobal
